
Microsoft Visual Studio Solution File, Format Version 12.00
# Visual Studio Version 17
VisualStudioVersion = 17.4.32804.182
MinimumVisualStudioVersion = 10.0.40219.1
Project("{9A19103F-16F7-4668-BE54-9A1E7A4F7556}") = "CLIP.Net", "CLIP.Net\CLIP.Net.csproj", "{4E5000B1-D808-4107-85C1-89DA19E6E3F7}"
EndProject
Global
	GlobalSection(SolutionConfigurationPlatforms) = preSolution
		Debug|Any CPU = Debug|Any CPU
		Release|Any CPU = Release|Any CPU
	EndGlobalSection
	GlobalSection(ProjectConfigurationPlatforms) = postSolution
		{4E5000B1-D808-4107-85C1-89DA19E6E3F7}.Debug|Any CPU.ActiveCfg = Debug|Any CPU
		{4E5000B1-D808-4107-85C1-89DA19E6E3F7}.Debug|Any CPU.Build.0 = Debug|Any CPU
		{4E5000B1-D808-4107-85C1-89DA19E6E3F7}.Release|Any CPU.ActiveCfg = Release|Any CPU
		{4E5000B1-D808-4107-85C1-89DA19E6E3F7}.Release|Any CPU.Build.0 = Release|Any CPU
	EndGlobalSection
	GlobalSection(SolutionProperties) = preSolution
		HideSolutionNode = FALSE
	EndGlobalSection
	GlobalSection(ExtensibilityGlobals) = postSolution
		SolutionGuid = {E9CF761E-C41A-4235-A537-60F96233B5DB}
	EndGlobalSection
EndGlobal
